
Microsoft Visual Studio Solution File, Format Version 12.00
# Visual Studio Version 16
VisualStudioVersion = 16.0.30128.74
MinimumVisualStudioVersion = 10.0.40219.1
Project("{9A19103F-16F7-4668-BE54-9A1E7A4F7556}") = "SimpleTrader.Domain", "SimpleTraider.Domain\SimpleTrader.Domain.csproj", "{3C0C5F9B-C560-40B6-9CF6-163286ED1C43}"
EndProject
Project("{FAE04EC0-301F-11D3-BF4B-00C04F79EFBC}") = "SimpleTrader.EntityFramework", "SimpleTrader.EntityFramework\SimpleTrader.EntityFramework.csproj", "{0AF8A655-5015-4C04-B27A-803C9E527FB9}"
EndProject
Global
	GlobalSection(SolutionConfigurationPlatforms) = preSolution
		Debug|Any CPU = Debug|Any CPU
		Release|Any CPU = Release|Any CPU
	EndGlobalSection
	GlobalSection(ProjectConfigurationPlatforms) = postSolution
		{3C0C5F9B-C560-40B6-9CF6-163286ED1C43}.Debug|Any CPU.ActiveCfg = Debug|Any CPU
		{3C0C5F9B-C560-40B6-9CF6-163286ED1C43}.Debug|Any CPU.Build.0 = Debug|Any CPU
		{3C0C5F9B-C560-40B6-9CF6-163286ED1C43}.Release|Any CPU.ActiveCfg = Release|Any CPU
		{3C0C5F9B-C560-40B6-9CF6-163286ED1C43}.Release|Any CPU.Build.0 = Release|Any CPU
		{0AF8A655-5015-4C04-B27A-803C9E527FB9}.Debug|Any CPU.ActiveCfg = Debug|Any CPU
		{0AF8A655-5015-4C04-B27A-803C9E527FB9}.Debug|Any CPU.Build.0 = Debug|Any CPU
		{0AF8A655-5015-4C04-B27A-803C9E527FB9}.Release|Any CPU.ActiveCfg = Release|Any CPU
		{0AF8A655-5015-4C04-B27A-803C9E527FB9}.Release|Any CPU.Build.0 = Release|Any CPU
	EndGlobalSection
	GlobalSection(SolutionProperties) = preSolution
		HideSolutionNode = FALSE
	EndGlobalSection
	GlobalSection(ExtensibilityGlobals) = postSolution
		SolutionGuid = {680BF226-C03B-4AB0-8D1F-F9DDF0546E09}
	EndGlobalSection
EndGlobal
